// !$*UTF8*$!
{
	archiveVersion = 1;
	classes = {
	};
	objectVersion = 46;
	objects = {

/* Begin PBXBuildFile section */
		A8B04D6B19C19FC80020BA47 /* Foundation.framework in Frameworks */ = {isa = PBXBuildFile; fileRef = A8B04D6A19C19FC80020BA47 /* Foundation.framework */; };
		A8B04D6D19C19FC80020BA47 /* CoreGraphics.framework in Frameworks */ = {isa = PBXBuildFile; fileRef = A8B04D6C19C19FC80020BA47 /* CoreGraphics.framework */; };
		A8B04D6F19C19FC80020BA47 /* UIKit.framework in Frameworks */ = {isa = PBXBuildFile; fileRef = A8B04D6E19C19FC80020BA47 /* UIKit.framework */; };
		A8B04D7519C19FC80020BA47 /* InfoPlist.strings in Resources */ = {isa = PBXBuildFile; fileRef = A8B04D7319C19FC80020BA47 /* InfoPlist.strings */; };
		A8B04D7719C19FC80020BA47 /* main.m in Sources */ = {isa = PBXBuildFile; fileRef = A8B04D7619C19FC80020BA47 /* main.m */; };
		A8B04D7B19C19FC80020BA47 /* XYZAppDelegate.m in Sources */ = {isa = PBXBuildFile; fileRef = A8B04D7A19C19FC80020BA47 /* XYZAppDelegate.m */; };
		A8B04D7E19C19FC80020BA47 /* Main.storyboard in Resources */ = {isa = PBXBuildFile; fileRef = A8B04D7C19C19FC80020BA47 /* Main.storyboard */; };
		A8B04D8119C19FC80020BA47 /* XYZViewController.m in Sources */ = {isa = PBXBuildFile; fileRef = A8B04D8019C19FC80020BA47 /* XYZViewController.m */; };
		A8B04D8319C19FC80020BA47 /* Images.xcassets in Resources */ = {isa = PBXBuildFile; fileRef = A8B04D8219C19FC80020BA47 /* Images.xcassets */; };
		A8B04D8A19C19FC80020BA47 /* XCTest.framework in Frameworks */ = {isa = PBXBuildFile; fileRef = A8B04D8919C19FC80020BA47 /* XCTest.framework */; };
		A8B04D8B19C19FC80020BA47 /* Foundation.framework in Frameworks */ = {isa = PBXBuildFile; fileRef = A8B04D6A19C19FC80020BA47 /* Foundation.framework */; };
		A8B04D8C19C19FC80020BA47 /* UIKit.framework in Frameworks */ = {isa = PBXBuildFile; fileRef = A8B04D6E19C19FC80020BA47 /* UIKit.framework */; };
		A8B04D9419C19FC80020BA47 /* InfoPlist.strings in Resources */ = {isa = PBXBuildFile; fileRef = A8B04D9219C19FC80020BA47 /* InfoPlist.strings */; };
		A8B04D9619C19FC80020BA47 /* ChoosyTests.m in Sources */ = {isa = PBXBuildFile; fileRef = A8B04D9519C19FC80020BA47 /* ChoosyTests.m */; };
		A8B361E319C1A50B00417E90 /* img1.jpg in Resources */ = {isa = PBXBuildFile; fileRef = A8B361E219C1A50B00417E90 /* img1.jpg */; };
		A8B361E519C1A51100417E90 /* img2.jpg in Resources */ = {isa = PBXBuildFile; fileRef = A8B361E419C1A51100417E90 /* img2.jpg */; };
		A8B361E719C1A51800417E90 /* img3.jpg in Resources */ = {isa = PBXBuildFile; fileRef = A8B361E619C1A51800417E90 /* img3.jpg */; };
		A8B361E919C1A51E00417E90 /* img4.jpg in Resources */ = {isa = PBXBuildFile; fileRef = A8B361E819C1A51E00417E90 /* img4.jpg */; };
/* End PBXBuildFile section */

/* Begin PBXContainerItemProxy section */
		A8B04D8D19C19FC80020BA47 /* PBXContainerItemProxy */ = {
			isa = PBXContainerItemProxy;
			containerPortal = A8B04D5F19C19FC80020BA47 /* Project object */;
			proxyType = 1;
			remoteGlobalIDString = A8B04D6619C19FC80020BA47;
			remoteInfo = Choosy;
		};
/* End PBXContainerItemProxy section */

/* Begin PBXFileReference section */
		A8B04D6719C19FC80020BA47 /* Choosy.app */ = {isa = PBXFileReference; explicitFileType = wrapper.application; includeInIndex = 0; path = Choosy.app; sourceTree = BUILT_PRODUCTS_DIR; };
		A8B04D6A19C19FC80020BA47 /* Foundation.framework */ = {isa = PBXFileReference; lastKnownFileType = wrapper.framework; name = Foundation.framework; path = System/Library/Frameworks/Foundation.framework; sourceTree = SDKROOT; };
		A8B04D6C19C19FC80020BA47 /* CoreGraphics.framework */ = {isa = PBXFileReference; lastKnownFileType = wrapper.framework; name = CoreGraphics.framework; path = System/Library/Frameworks/CoreGraphics.framework; sourceTree = SDKROOT; };
		A8B04D6E19C19FC80020BA47 /* UIKit.framework */ = {isa = PBXFileReference; lastKnownFileType = wrapper.framework; name = UIKit.framework; path = System/Library/Frameworks/UIKit.framework; sourceTree = SDKROOT; };
		A8B04D7219C19FC80020BA47 /* Choosy-Info.plist */ = {isa = PBXFileReference; lastKnownFileType = text.plist.xml; path = "Choosy-Info.plist"; sourceTree = "<group>"; };
		A8B04D7419C19FC80020BA47 /* en */ = {isa = PBXFileReference; lastKnownFileType = text.plist.strings; name = en; path = en.lproj/InfoPlist.strings; sourceTree = "<group>"; };
		A8B04D7619C19FC80020BA47 /* main.m */ = {isa = PBXFileReference; lastKnownFileType = sourcecode.c.objc; path = main.m; sourceTree = "<group>"; };
		A8B04D7819C19FC80020BA47 /* Choosy-Prefix.pch */ = {isa = PBXFileReference; lastKnownFileType = sourcecode.c.h; path = "Choosy-Prefix.pch"; sourceTree = "<group>"; };
		A8B04D7919C19FC80020BA47 /* XYZAppDelegate.h */ = {isa = PBXFileReference; lastKnownFileType = sourcecode.c.h; path = XYZAppDelegate.h; sourceTree = "<group>"; };
		A8B04D7A19C19FC80020BA47 /* XYZAppDelegate.m */ = {isa = PBXFileReference; lastKnownFileType = sourcecode.c.objc; path = XYZAppDelegate.m; sourceTree = "<group>"; };
		A8B04D7D19C19FC80020BA47 /* Base */ = {isa = PBXFileReference; lastKnownFileType = file.storyboard; name = Base; path = Base.lproj/Main.storyboard; sourceTree = "<group>"; };
		A8B04D7F19C19FC80020BA47 /* XYZViewController.h */ = {isa = PBXFileReference; lastKnownFileType = sourcecode.c.h; path = XYZViewController.h; sourceTree = "<group>"; };
		A8B04D8019C19FC80020BA47 /* XYZViewController.m */ = {isa = PBXFileReference; lastKnownFileType = sourcecode.c.objc; path = XYZViewController.m; sourceTree = "<group>"; };
		A8B04D8219C19FC80020BA47 /* Images.xcassets */ = {isa = PBXFileReference; lastKnownFileType = folder.assetcatalog; path = Images.xcassets; sourceTree = "<group>"; };
		A8B04D8819C19FC80020BA47 /* ChoosyTests.xctest */ = {isa = PBXFileReference; explicitFileType = wrapper.cfbundle; includeInIndex = 0; path = ChoosyTests.xctest; sourceTree = BUILT_PRODUCTS_DIR; };
		A8B04D8919C19FC80020BA47 /* XCTest.framework */ = {isa = PBXFileReference; lastKnownFileType = wrapper.framework; name = XCTest.framework; path = Library/Frameworks/XCTest.framework; sourceTree = DEVELOPER_DIR; };
		A8B04D9119C19FC80020BA47 /* ChoosyTests-Info.plist */ = {isa = PBXFileReference; lastKnownFileType = text.plist.xml; path = "ChoosyTests-Info.plist"; sourceTree = "<group>"; };
		A8B04D9319C19FC80020BA47 /* en */ = {isa = PBXFileReference; lastKnownFileType = text.plist.strings; name = en; path = en.lproj/InfoPlist.strings; sourceTree = "<group>"; };
		A8B04D9519C19FC80020BA47 /* ChoosyTests.m */ = {isa = PBXFileReference; lastKnownFileType = sourcecode.c.objc; path = ChoosyTests.m; sourceTree = "<group>"; };
		A8B361E219C1A50B00417E90 /* img1.jpg */ = {isa = PBXFileReference; lastKnownFileType = image.jpeg; path = img1.jpg; sourceTree = "<group>"; };
		A8B361E419C1A51100417E90 /* img2.jpg */ = {isa = PBXFileReference; lastKnownFileType = image.jpeg; path = img2.jpg; sourceTree = "<group>"; };
		A8B361E619C1A51800417E90 /* img3.jpg */ = {isa = PBXFileReference; lastKnownFileType = image.jpeg; path = img3.jpg; sourceTree = "<group>"; };
		A8B361E819C1A51E00417E90 /* img4.jpg */ = {isa = PBXFileReference; lastKnownFileType = image.jpeg; path = img4.jpg; sourceTree = "<group>"; };
/* End PBXFileReference section */

/* Begin PBXFrameworksBuildPhase section */
		A8B04D6419C19FC80020BA47 /* Frameworks */ = {
			isa = PBXFrameworksBuildPhase;
			buildActionMask = 2147483647;
			files = (
				A8B04D6D19C19FC80020BA47 /* CoreGraphics.framework in Frameworks */,
				A8B04D6F19C19FC80020BA47 /* UIKit.framework in Frameworks */,
				A8B04D6B19C19FC80020BA47 /* Foundation.framework in Frameworks */,
			);
			runOnlyForDeploymentPostprocessing = 0;
		};
		A8B04D8519C19FC80020BA47 /* Frameworks */ = {
			isa = PBXFrameworksBuildPhase;
			buildActionMask = 2147483647;
			files = (
				A8B04D8A19C19FC80020BA47 /* XCTest.framework in Frameworks */,
				A8B04D8C19C19FC80020BA47 /* UIKit.framework in Frameworks */,
				A8B04D8B19C19FC80020BA47 /* Foundation.framework in Frameworks */,
			);
			runOnlyForDeploymentPostprocessing = 0;
		};
/* End PBXFrameworksBuildPhase section */

/* Begin PBXGroup section */
		A8B04D5E19C19FC80020BA47 = {
			isa = PBXGroup;
			children = (
				A8B04D7019C19FC80020BA47 /* Choosy */,
				A8B04D8F19C19FC80020BA47 /* ChoosyTests */,
				A8B04D6919C19FC80020BA47 /* Frameworks */,
				A8B04D6819C19FC80020BA47 /* Products */,
			);
			sourceTree = "<group>";
		};
		A8B04D6819C19FC80020BA47 /* Products */ = {
			isa = PBXGroup;
			children = (
				A8B04D6719C19FC80020BA47 /* Choosy.app */,
				A8B04D8819C19FC80020BA47 /* ChoosyTests.xctest */,
			);
			name = Products;
			sourceTree = "<group>";
		};
		A8B04D6919C19FC80020BA47 /* Frameworks */ = {
			isa = PBXGroup;
			children = (
				A8B04D6A19C19FC80020BA47 /* Foundation.framework */,
				A8B04D6C19C19FC80020BA47 /* CoreGraphics.framework */,
				A8B04D6E19C19FC80020BA47 /* UIKit.framework */,
				A8B04D8919C19FC80020BA47 /* XCTest.framework */,
			);
			name = Frameworks;
			sourceTree = "<group>";
		};
		A8B04D7019C19FC80020BA47 /* Choosy */ = {
			isa = PBXGroup;
			children = (
				A8B04D7919C19FC80020BA47 /* XYZAppDelegate.h */,
				A8B361E419C1A51100417E90 /* img2.jpg */,
				A8B361E819C1A51E00417E90 /* img4.jpg */,
				A8B361E619C1A51800417E90 /* img3.jpg */,
				A8B361E219C1A50B00417E90 /* img1.jpg */,
				A8B04D7A19C19FC80020BA47 /* XYZAppDelegate.m */,
				A8B04D7C19C19FC80020BA47 /* Main.storyboard */,
				A8B04D7F19C19FC80020BA47 /* XYZViewController.h */,
				A8B04D8019C19FC80020BA47 /* XYZViewController.m */,
				A8B04D8219C19FC80020BA47 /* Images.xcassets */,
				A8B04D7119C19FC80020BA47 /* Supporting Files */,
			);
			path = Choosy;
			sourceTree = "<group>";
		};
		A8B04D7119C19FC80020BA47 /* Supporting Files */ = {
			isa = PBXGroup;
			children = (
				A8B04D7219C19FC80020BA47 /* Choosy-Info.plist */,
				A8B04D7319C19FC80020BA47 /* InfoPlist.strings */,
				A8B04D7619C19FC80020BA47 /* main.m */,
				A8B04D7819C19FC80020BA47 /* Choosy-Prefix.pch */,
			);
			name = "Supporting Files";
			sourceTree = "<group>";
		};
		A8B04D8F19C19FC80020BA47 /* ChoosyTests */ = {
			isa = PBXGroup;
			children = (
				A8B04D9519C19FC80020BA47 /* ChoosyTests.m */,
				A8B04D9019C19FC80020BA47 /* Supporting Files */,
			);
			path = ChoosyTests;
			sourceTree = "<group>";
		};
		A8B04D9019C19FC80020BA47 /* Supporting Files */ = {
			isa = PBXGroup;
			children = (
				A8B04D9119C19FC80020BA47 /* ChoosyTests-Info.plist */,
				A8B04D9219C19FC80020BA47 /* InfoPlist.strings */,
			);
			name = "Supporting Files";
			sourceTree = "<group>";
		};
/* End PBXGroup section */

/* Begin PBXNativeTarget section */
		A8B04D6619C19FC80020BA47 /* Choosy */ = {
			isa = PBXNativeTarget;
			buildConfigurationList = A8B04D9919C19FC80020BA47 /* Build configuration list for PBXNativeTarget "Choosy" */;
			buildPhases = (
				A8B04D6319C19FC80020BA47 /* Sources */,
				A8B04D6419C19FC80020BA47 /* Frameworks */,
				A8B04D6519C19FC80020BA47 /* Resources */,
			);
			buildRules = (
			);
			dependencies = (
			);
			name = Choosy;
			productName = Choosy;
			productReference = A8B04D6719C19FC80020BA47 /* Choosy.app */;
			productType = "com.apple.product-type.application";
		};
		A8B04D8719C19FC80020BA47 /* ChoosyTests */ = {
			isa = PBXNativeTarget;
			buildConfigurationList = A8B04D9C19C19FC80020BA47 /* Build configuration list for PBXNativeTarget "ChoosyTests" */;
			buildPhases = (
				A8B04D8419C19FC80020BA47 /* Sources */,
				A8B04D8519C19FC80020BA47 /* Frameworks */,
				A8B04D8619C19FC80020BA47 /* Resources */,
			);
			buildRules = (
			);
			dependencies = (
				A8B04D8E19C19FC80020BA47 /* PBXTargetDependency */,
			);
			name = ChoosyTests;
			productName = ChoosyTests;
			productReference = A8B04D8819C19FC80020BA47 /* ChoosyTests.xctest */;
			productType = "com.apple.product-type.bundle.unit-test";
		};
/* End PBXNativeTarget section */

/* Begin PBXProject section */
		A8B04D5F19C19FC80020BA47 /* Project object */ = {
			isa = PBXProject;
			attributes = {
				CLASSPREFIX = XYZ;
				LastUpgradeCheck = 0510;
				ORGANIZATIONNAME = "Brainstorm Technologies Sdn Bhd";
				TargetAttributes = {
					A8B04D8719C19FC80020BA47 = {
						TestTargetID = A8B04D6619C19FC80020BA47;
					};
				};
			};
			buildConfigurationList = A8B04D6219C19FC80020BA47 /* Build configuration list for PBXProject "Choosy" */;
			compatibilityVersion = "Xcode 3.2";
			developmentRegion = English;
			hasScannedForEncodings = 0;
			knownRegions = (
				en,
				Base,
			);
			mainGroup = A8B04D5E19C19FC80020BA47;
			productRefGroup = A8B04D6819C19FC80020BA47 /* Products */;
			projectDirPath = "";
			projectRoot = "";
			targets = (
				A8B04D6619C19FC80020BA47 /* Choosy */,
				A8B04D8719C19FC80020BA47 /* ChoosyTests */,
			);
		};
/* End PBXProject section */

/* Begin PBXResourcesBuildPhase section */
		A8B04D6519C19FC80020BA47 /* Resources */ = {
			isa = PBXResourcesBuildPhase;
			buildActionMask = 2147483647;
			files = (
				A8B361E919C1A51E00417E90 /* img4.jpg in Resources */,
				A8B04D8319C19FC80020BA47 /* Images.xcassets in Resources */,
				A8B361E719C1A51800417E90 /* img3.jpg in Resources */,
				A8B361E519C1A51100417E90 /* img2.jpg in Resources */,
				A8B361E319C1A50B00417E90 /* img1.jpg in Resources */,
				A8B04D7519C19FC80020BA47 /* InfoPlist.strings in Resources */,
				A8B04D7E19C19FC80020BA47 /* Main.storyboard in Resources */,
			);
			runOnlyForDeploymentPostprocessing = 0;
		};
		A8B04D8619C19FC80020BA47 /* Resources */ = {
			isa = PBXResourcesBuildPhase;
			buildActionMask = 2147483647;
			files = (
				A8B04D9419C19FC80020BA47 /* InfoPlist.strings in Resources */,
			);
			runOnlyForDeploymentPostprocessing = 0;
		};
/* End PBXResourcesBuildPhase section */

/* Begin PBXSourcesBuildPhase section */
		A8B04D6319C19FC80020BA47 /* Sources */ = {
			isa = PBXSourcesBuildPhase;
			buildActionMask = 2147483647;
			files = (
				A8B04D8119C19FC80020BA47 /* XYZViewController.m in Sources */,
				A8B04D7B19C19FC80020BA47 /* XYZAppDelegate.m in Sources */,
				A8B04D7719C19FC80020BA47 /* main.m in Sources */,
			);
			runOnlyForDeploymentPostprocessing = 0;
		};
		A8B04D8419C19FC80020BA47 /* Sources */ = {
			isa = PBXSourcesBuildPhase;
			buildActionMask = 2147483647;
			files = (
				A8B04D9619C19FC80020BA47 /* ChoosyTests.m in Sources */,
			);
			runOnlyForDeploymentPostprocessing = 0;
		};
/* End PBXSourcesBuildPhase section */

/* Begin PBXTargetDependency section */
		A8B04D8E19C19FC80020BA47 /* PBXTargetDependency */ = {
			isa = PBXTargetDependency;
			target = A8B04D6619C19FC80020BA47 /* Choosy */;
			targetProxy = A8B04D8D19C19FC80020BA47 /* PBXContainerItemProxy */;
		};
/* End PBXTargetDependency section */

/* Begin PBXVariantGroup section */
		A8B04D7319C19FC80020BA47 /* InfoPlist.strings */ = {
			isa = PBXVariantGroup;
			children = (
				A8B04D7419C19FC80020BA47 /* en */,
			);
			name = InfoPlist.strings;
			sourceTree = "<group>";
		};
		A8B04D7C19C19FC80020BA47 /* Main.storyboard */ = {
			isa = PBXVariantGroup;
			children = (
				A8B04D7D19C19FC80020BA47 /* Base */,
			);
			name = Main.storyboard;
			sourceTree = "<group>";
		};
		A8B04D9219C19FC80020BA47 /* InfoPlist.strings */ = {
			isa = PBXVariantGroup;
			children = (
				A8B04D9319C19FC80020BA47 /* en */,
			);
			name = InfoPlist.strings;
			sourceTree = "<group>";
		};
/* End PBXVariantGroup section */

/* Begin XCBuildConfiguration section */
		A8B04D9719C19FC80020BA47 /* Debug */ = {
			isa = XCBuildConfiguration;
			buildSettings = {
				ALWAYS_SEARCH_USER_PATHS = NO;
				CLANG_CXX_LANGUAGE_STANDARD = "gnu++0x";
				CLANG_CXX_LIBRARY = "libc++";
				CLANG_ENABLE_MODULES = YES;
				CLANG_ENABLE_OBJC_ARC = YES;
				CLANG_WARN_BOOL_CONVERSION = YES;
				CLANG_WARN_CONSTANT_CONVERSION = YES;
				CLANG_WARN_DIRECT_OBJC_ISA_USAGE = YES_ERROR;
				CLANG_WARN_EMPTY_BODY = YES;
				CLANG_WARN_ENUM_CONVERSION = YES;
				CLANG_WARN_INT_CONVERSION = YES;
				CLANG_WARN_OBJC_ROOT_CLASS = YES_ERROR;
				CLANG_WARN__DUPLICATE_METHOD_MATCH = YES;
				"CODE_SIGN_IDENTITY[sdk=iphoneos*]" = "iPhone Developer";
				COPY_PHASE_STRIP = NO;
				GCC_C_LANGUAGE_STANDARD = gnu99;
				GCC_DYNAMIC_NO_PIC = NO;
				GCC_OPTIMIZATION_LEVEL = 0;
				GCC_PREPROCESSOR_DEFINITIONS = (
					"DEBUG=1",
					"$(inherited)",
				);
				GCC_SYMBOLS_PRIVATE_EXTERN = NO;
				GCC_WARN_64_TO_32_BIT_CONVERSION = YES;
				GCC_WARN_ABOUT_RETURN_TYPE = YES_ERROR;
				GCC_WARN_UNDECLARED_SELECTOR = YES;
				GCC_WARN_UNINITIALIZED_AUTOS = YES_AGGRESSIVE;
				GCC_WARN_UNUSED_FUNCTION = YES;
				GCC_WARN_UNUSED_VARIABLE = YES;
				IPHONEOS_DEPLOYMENT_TARGET = 7.1;
				ONLY_ACTIVE_ARCH = YES;
				SDKROOT = iphoneos;
			};
			name = Debug;
		};
		A8B04D9819C19FC80020BA47 /* Release */ = {
			isa = XCBuildConfiguration;
			buildSettings = {
				ALWAYS_SEARCH_USER_PATHS = NO;
				CLANG_CXX_LANGUAGE_STANDARD = "gnu++0x";
				CLANG_CXX_LIBRARY = "libc++";
				CLANG_ENABLE_MODULES = YES;
				CLANG_ENABLE_OBJC_ARC = YES;
				CLANG_WARN_BOOL_CONVERSION = YES;
				CLANG_WARN_CONSTANT_CONVERSION = YES;
				CLANG_WARN_DIRECT_OBJC_ISA_USAGE = YES_ERROR;
				CLANG_WARN_EMPTY_BODY = YES;
				CLANG_WARN_ENUM_CONVERSION = YES;
				CLANG_WARN_INT_CONVERSION = YES;
				CLANG_WARN_OBJC_ROOT_CLASS = YES_ERROR;
				CLANG_WARN__DUPLICATE_METHOD_MATCH = YES;
				"CODE_SIGN_IDENTITY[sdk=iphoneos*]" = "iPhone Developer";
				COPY_PHASE_STRIP = YES;
				ENABLE_NS_ASSERTIONS = NO;
				GCC_C_LANGUAGE_STANDARD = gnu99;
				GCC_WARN_64_TO_32_BIT_CONVERSION = YES;
				GCC_WARN_ABOUT_RETURN_TYPE = YES_ERROR;
				GCC_WARN_UNDECLARED_SELECTOR = YES;
				GCC_WARN_UNINITIALIZED_AUTOS = YES_AGGRESSIVE;
				GCC_WARN_UNUSED_FUNCTION = YES;
				GCC_WARN_UNUSED_VARIABLE = YES;
				IPHONEOS_DEPLOYMENT_TARGET = 7.1;
				SDKROOT = iphoneos;
				VALIDATE_PRODUCT = YES;
			};
			name = Release;
		};
		A8B04D9A19C19FC80020BA47 /* Debug */ = {
			isa = XCBuildConfiguration;
			buildSettings = {
				ASSETCATALOG_COMPILER_APPICON_NAME = AppIcon;
				ASSETCATALOG_COMPILER_LAUNCHIMAGE_NAME = LaunchImage;
				GCC_PRECOMPILE_PREFIX_HEADER = YES;
				GCC_PREFIX_HEADER = "Choosy/Choosy-Prefix.pch";
				INFOPLIST_FILE = "Choosy/Choosy-Info.plist";
				PRODUCT_NAME = "$(TARGET_NAME)";
				WRAPPER_EXTENSION = app;
			};
			name = Debug;
		};
		A8B04D9B19C19FC80020BA47 /* Release */ = {
			isa = XCBuildConfiguration;
			buildSettings = {
				ASSETCATALOG_COMPILER_APPICON_NAME = AppIcon;
				ASSETCATALOG_COMPILER_LAUNCHIMAGE_NAME = LaunchImage;
				GCC_PRECOMPILE_PREFIX_HEADER = YES;
				GCC_PREFIX_HEADER = "Choosy/Choosy-Prefix.pch";
				INFOPLIST_FILE = "Choosy/Choosy-Info.plist";
				PRODUCT_NAME = "$(TARGET_NAME)";
				WRAPPER_EXTENSION = app;
			};
			name = Release;
		};
		A8B04D9D19C19FC80020BA47 /* Debug */ = {
			isa = XCBuildConfiguration;
			buildSettings = {
				BUNDLE_LOADER = "$(BUILT_PRODUCTS_DIR)/Choosy.app/Choosy";
				FRAMEWORK_SEARCH_PATHS = (
					"$(SDKROOT)/Developer/Library/Frameworks",
					"$(inherited)",
					"$(DEVELOPER_FRAMEWORKS_DIR)",
				);
				GCC_PRECOMPILE_PREFIX_HEADER = YES;
				GCC_PREFIX_HEADER = "Choosy/Choosy-Prefix.pch";
				GCC_PREPROCESSOR_DEFINITIONS = (
					"DEBUG=1",
					"$(inherited)",
				);
				INFOPLIST_FILE = "ChoosyTests/ChoosyTests-Info.plist";
				PRODUCT_NAME = "$(TARGET_NAME)";
				TEST_HOST = "$(BUNDLE_LOADER)";
				WRAPPER_EXTENSION = xctest;
			};
			name = Debug;
		};
		A8B04D9E19C19FC80020BA47 /* Release */ = {
			isa = XCBuildConfiguration;
			buildSettings = {
				BUNDLE_LOADER = "$(BUILT_PRODUCTS_DIR)/Choosy.app/Choosy";
				FRAMEWORK_SEARCH_PATHS = (
					"$(SDKROOT)/Developer/Library/Frameworks",
					"$(inherited)",
					"$(DEVELOPER_FRAMEWORKS_DIR)",
				);
				GCC_PRECOMPILE_PREFIX_HEADER = YES;
				GCC_PREFIX_HEADER = "Choosy/Choosy-Prefix.pch";
				INFOPLIST_FILE = "ChoosyTests/ChoosyTests-Info.plist";
				PRODUCT_NAME = "$(TARGET_NAME)";
				TEST_HOST = "$(BUNDLE_LOADER)";
				WRAPPER_EXTENSION = xctest;
			};
			name = Release;
		};
/* End XCBuildConfiguration section */

/* Begin XCConfigurationList section */
		A8B04D6219C19FC80020BA47 /* Build configuration list for PBXProject "Choosy" */ = {
			isa = XCConfigurationList;
			buildConfigurations = (
				A8B04D9719C19FC80020BA47 /* Debug */,
				A8B04D9819C19FC80020BA47 /* Release */,
			);
			defaultConfigurationIsVisible = 0;
			defaultConfigurationName = Release;
		};
		A8B04D9919C19FC80020BA47 /* Build configuration list for PBXNativeTarget "Choosy" */ = {
			isa = XCConfigurationList;
			buildConfigurations = (
				A8B04D9A19C19FC80020BA47 /* Debug */,
				A8B04D9B19C19FC80020BA47 /* Release */,
			);
			defaultConfigurationIsVisible = 0;
			defaultConfigurationName = Release;
		};
		A8B04D9C19C19FC80020BA47 /* Build configuration list for PBXNativeTarget "ChoosyTests" */ = {
			isa = XCConfigurationList;
			buildConfigurations = (
				A8B04D9D19C19FC80020BA47 /* Debug */,
				A8B04D9E19C19FC80020BA47 /* Release */,
			);
			defaultConfigurationIsVisible = 0;
			defaultConfigurationName = Release;
		};
/* End XCConfigurationList section */
	};
	rootObject = A8B04D5F19C19FC80020BA47 /* Project object */;
}
